
Microsoft Visual Studio Solution File, Format Version 12.00
# Visual Studio 15
VisualStudioVersion = 15.0.28010.2016
MinimumVisualStudioVersion = 10.0.40219.1
Project("{FAE04EC0-301F-11D3-BF4B-00C04F79EFBC}") = "Sampledemo", "Alldemo\Sampledemo.csproj", "{0E213F7A-6496-49E7-BA63-DBFB9C7D36B5}"
EndProject
Project("{FAE04EC0-301F-11D3-BF4B-00C04F79EFBC}") = "Sizeofdatatypes", "Sizeofdatatypes\Sizeofdatatypes.csproj", "{2DBDE00A-BA0F-4973-900B-149A4F2E5BF3}"
EndProject
Project("{2150E333-8FDC-42A3-9474-1A3956D46DE8}") = "3 sep 2018", "3 sep 2018", "{A8D5A17B-9D61-4ED4-986E-824E0F85BF38}"
EndProject
Project("{2150E333-8FDC-42A3-9474-1A3956D46DE8}") = "6 sep 2018", "6 sep 2018", "{2BEF389A-BB7A-4A25-8320-25CB7E555B7F}"
EndProject
Project("{FAE04EC0-301F-11D3-BF4B-00C04F79EFBC}") = "Constructor", "Constructor\Constructor.csproj", "{B712E732-EF27-4DC9-A6AA-9F179BAA661E}"
EndProject
Project("{2150E333-8FDC-42A3-9474-1A3956D46DE8}") = "7 sep 2018", "7 sep 2018", "{A3002F68-E9F3-4068-8ED7-831A6A397DBF}"
EndProject
Project("{FAE04EC0-301F-11D3-BF4B-00C04F79EFBC}") = "Inheritance", "Inheritance\Inheritance.csproj", "{736E3E52-05C6-4AE3-995D-043243F8EAFF}"
EndProject
Project("{FAE04EC0-301F-11D3-BF4B-00C04F79EFBC}") = "SchoolInheritance", "SchoolInheritance\SchoolInheritance.csproj", "{6F5E23DA-E533-4AD3-A72F-1B6289AC3351}"
EndProject
Project("{2150E333-8FDC-42A3-9474-1A3956D46DE8}") = "11 sep 2018", "11 sep 2018", "{D754A067-1C40-49A5-9073-198843557EBD}"
EndProject
Project("{FAE04EC0-301F-11D3-BF4B-00C04F79EFBC}") = "AbstractPractice", "AbstractPractice\AbstractPractice.csproj", "{EF1CD830-7FD6-43A7-9ACE-954FEFDB4718}"
EndProject
Project("{FAE04EC0-301F-11D3-BF4B-00C04F79EFBC}") = "AbstractPracticeViaVirtual", "AbstractPracticeViaVirtual\AbstractPracticeViaVirtual.csproj", "{1B6E9CA3-FB3D-4BFA-AC81-60A3A5CDDA37}"
EndProject
Project("{FAE04EC0-301F-11D3-BF4B-00C04F79EFBC}") = "StringsDemo", "StringsDemo\StringsDemo.csproj", "{0A8E947F-59F7-414B-AC47-1ACF3818D293}"
EndProject
Project("{FAE04EC0-301F-11D3-BF4B-00C04F79EFBC}") = "InterfacePractice", "InterfacePractice\InterfacePractice.csproj", "{475FD3BE-F23C-45DF-86A1-20A987FAB386}"
EndProject
Project("{2150E333-8FDC-42A3-9474-1A3956D46DE8}") = "12 sep 2018", "12 sep 2018", "{568FD450-C255-4016-90B9-B25A34E96550}"
EndProject
Project("{FAE04EC0-301F-11D3-BF4B-00C04F79EFBC}") = "ExceptionHandlingPractice", "ExceptionHandlingPractice\ExceptionHandlingPractice.csproj", "{51DAAED5-2A89-49F8-B15F-827A7F8F488A}"
EndProject
Global
	GlobalSection(SolutionConfigurationPlatforms) = preSolution
		Debug|Any CPU = Debug|Any CPU
		Release|Any CPU = Release|Any CPU
	EndGlobalSection
	GlobalSection(ProjectConfigurationPlatforms) = postSolution
		{0E213F7A-6496-49E7-BA63-DBFB9C7D36B5}.Debug|Any CPU.ActiveCfg = Debug|Any CPU
		{0E213F7A-6496-49E7-BA63-DBFB9C7D36B5}.Debug|Any CPU.Build.0 = Debug|Any CPU
		{0E213F7A-6496-49E7-BA63-DBFB9C7D36B5}.Release|Any CPU.ActiveCfg = Release|Any CPU
		{0E213F7A-6496-49E7-BA63-DBFB9C7D36B5}.Release|Any CPU.Build.0 = Release|Any CPU
		{2DBDE00A-BA0F-4973-900B-149A4F2E5BF3}.Debug|Any CPU.ActiveCfg = Debug|Any CPU
		{2DBDE00A-BA0F-4973-900B-149A4F2E5BF3}.Debug|Any CPU.Build.0 = Debug|Any CPU
		{2DBDE00A-BA0F-4973-900B-149A4F2E5BF3}.Release|Any CPU.ActiveCfg = Release|Any CPU
		{2DBDE00A-BA0F-4973-900B-149A4F2E5BF3}.Release|Any CPU.Build.0 = Release|Any CPU
		{B712E732-EF27-4DC9-A6AA-9F179BAA661E}.Debug|Any CPU.ActiveCfg = Debug|Any CPU
		{B712E732-EF27-4DC9-A6AA-9F179BAA661E}.Debug|Any CPU.Build.0 = Debug|Any CPU
		{B712E732-EF27-4DC9-A6AA-9F179BAA661E}.Release|Any CPU.ActiveCfg = Release|Any CPU
		{B712E732-EF27-4DC9-A6AA-9F179BAA661E}.Release|Any CPU.Build.0 = Release|Any CPU
		{736E3E52-05C6-4AE3-995D-043243F8EAFF}.Debug|Any CPU.ActiveCfg = Debug|Any CPU
		{736E3E52-05C6-4AE3-995D-043243F8EAFF}.Debug|Any CPU.Build.0 = Debug|Any CPU
		{736E3E52-05C6-4AE3-995D-043243F8EAFF}.Release|Any CPU.ActiveCfg = Release|Any CPU
		{736E3E52-05C6-4AE3-995D-043243F8EAFF}.Release|Any CPU.Build.0 = Release|Any CPU
		{6F5E23DA-E533-4AD3-A72F-1B6289AC3351}.Debug|Any CPU.ActiveCfg = Debug|Any CPU
		{6F5E23DA-E533-4AD3-A72F-1B6289AC3351}.Debug|Any CPU.Build.0 = Debug|Any CPU
		{6F5E23DA-E533-4AD3-A72F-1B6289AC3351}.Release|Any CPU.ActiveCfg = Release|Any CPU
		{6F5E23DA-E533-4AD3-A72F-1B6289AC3351}.Release|Any CPU.Build.0 = Release|Any CPU
		{EF1CD830-7FD6-43A7-9ACE-954FEFDB4718}.Debug|Any CPU.ActiveCfg = Debug|Any CPU
		{EF1CD830-7FD6-43A7-9ACE-954FEFDB4718}.Debug|Any CPU.Build.0 = Debug|Any CPU
		{EF1CD830-7FD6-43A7-9ACE-954FEFDB4718}.Release|Any CPU.ActiveCfg = Release|Any CPU
		{EF1CD830-7FD6-43A7-9ACE-954FEFDB4718}.Release|Any CPU.Build.0 = Release|Any CPU
		{1B6E9CA3-FB3D-4BFA-AC81-60A3A5CDDA37}.Debug|Any CPU.ActiveCfg = Debug|Any CPU
		{1B6E9CA3-FB3D-4BFA-AC81-60A3A5CDDA37}.Debug|Any CPU.Build.0 = Debug|Any CPU
		{1B6E9CA3-FB3D-4BFA-AC81-60A3A5CDDA37}.Release|Any CPU.ActiveCfg = Release|Any CPU
		{1B6E9CA3-FB3D-4BFA-AC81-60A3A5CDDA37}.Release|Any CPU.Build.0 = Release|Any CPU
		{0A8E947F-59F7-414B-AC47-1ACF3818D293}.Debug|Any CPU.ActiveCfg = Debug|Any CPU
		{0A8E947F-59F7-414B-AC47-1ACF3818D293}.Debug|Any CPU.Build.0 = Debug|Any CPU
		{0A8E947F-59F7-414B-AC47-1ACF3818D293}.Release|Any CPU.ActiveCfg = Release|Any CPU
		{0A8E947F-59F7-414B-AC47-1ACF3818D293}.Release|Any CPU.Build.0 = Release|Any CPU
		{475FD3BE-F23C-45DF-86A1-20A987FAB386}.Debug|Any CPU.ActiveCfg = Debug|Any CPU
		{475FD3BE-F23C-45DF-86A1-20A987FAB386}.Debug|Any CPU.Build.0 = Debug|Any CPU
		{475FD3BE-F23C-45DF-86A1-20A987FAB386}.Release|Any CPU.ActiveCfg = Release|Any CPU
		{475FD3BE-F23C-45DF-86A1-20A987FAB386}.Release|Any CPU.Build.0 = Release|Any CPU
		{51DAAED5-2A89-49F8-B15F-827A7F8F488A}.Debug|Any CPU.ActiveCfg = Debug|Any CPU
		{51DAAED5-2A89-49F8-B15F-827A7F8F488A}.Debug|Any CPU.Build.0 = Debug|Any CPU
		{51DAAED5-2A89-49F8-B15F-827A7F8F488A}.Release|Any CPU.ActiveCfg = Release|Any CPU
		{51DAAED5-2A89-49F8-B15F-827A7F8F488A}.Release|Any CPU.Build.0 = Release|Any CPU
	EndGlobalSection
	GlobalSection(SolutionProperties) = preSolution
		HideSolutionNode = FALSE
	EndGlobalSection
	GlobalSection(NestedProjects) = preSolution
		{0E213F7A-6496-49E7-BA63-DBFB9C7D36B5} = {A8D5A17B-9D61-4ED4-986E-824E0F85BF38}
		{2DBDE00A-BA0F-4973-900B-149A4F2E5BF3} = {A8D5A17B-9D61-4ED4-986E-824E0F85BF38}
		{B712E732-EF27-4DC9-A6AA-9F179BAA661E} = {2BEF389A-BB7A-4A25-8320-25CB7E555B7F}
		{736E3E52-05C6-4AE3-995D-043243F8EAFF} = {A3002F68-E9F3-4068-8ED7-831A6A397DBF}
		{6F5E23DA-E533-4AD3-A72F-1B6289AC3351} = {A3002F68-E9F3-4068-8ED7-831A6A397DBF}
		{EF1CD830-7FD6-43A7-9ACE-954FEFDB4718} = {D754A067-1C40-49A5-9073-198843557EBD}
		{1B6E9CA3-FB3D-4BFA-AC81-60A3A5CDDA37} = {D754A067-1C40-49A5-9073-198843557EBD}
		{0A8E947F-59F7-414B-AC47-1ACF3818D293} = {A8D5A17B-9D61-4ED4-986E-824E0F85BF38}
		{475FD3BE-F23C-45DF-86A1-20A987FAB386} = {D754A067-1C40-49A5-9073-198843557EBD}
		{51DAAED5-2A89-49F8-B15F-827A7F8F488A} = {568FD450-C255-4016-90B9-B25A34E96550}
	EndGlobalSection
	GlobalSection(ExtensibilityGlobals) = postSolution
		SolutionGuid = {BC5D209E-7032-48B6-9B0E-4E017C93CDF7}
	EndGlobalSection
EndGlobal
